
Microsoft Visual Studio Solution File, Format Version 12.00
# Visual Studio Version 17
VisualStudioVersion = 17.0.32112.339
MinimumVisualStudioVersion = 10.0.40219.1
Project("{FAE04EC0-301F-11D3-BF4B-00C04F79EFBC}") = "PredictiveMaintenanceModel", "PredictiveMaintenanceModel\PredictiveMaintenanceModel.csproj", "{1153F89C-3B8A-4725-966B-544DBFCBB1CB}"
EndProject
Global
	GlobalSection(SolutionConfigurationPlatforms) = preSolution
		Debug|Any CPU = Debug|Any CPU
		Release|Any CPU = Release|Any CPU
	EndGlobalSection
	GlobalSection(ProjectConfigurationPlatforms) = postSolution
		{1153F89C-3B8A-4725-966B-544DBFCBB1CB}.Debug|Any CPU.ActiveCfg = Debug|Any CPU
		{1153F89C-3B8A-4725-966B-544DBFCBB1CB}.Debug|Any CPU.Build.0 = Debug|Any CPU
		{1153F89C-3B8A-4725-966B-544DBFCBB1CB}.Release|Any CPU.ActiveCfg = Release|Any CPU
		{1153F89C-3B8A-4725-966B-544DBFCBB1CB}.Release|Any CPU.Build.0 = Release|Any CPU
	EndGlobalSection
	GlobalSection(SolutionProperties) = preSolution
		HideSolutionNode = FALSE
	EndGlobalSection
	GlobalSection(ExtensibilityGlobals) = postSolution
		SolutionGuid = {98E5B0DA-389F-45BF-8605-11894EDFCBD5}
	EndGlobalSection
EndGlobal
